// !$*UTF8*$!
{
	archiveVersion = 1;
	classes = {
	};
	objectVersion = 55;
	objects = {

/* Begin PBXBuildFile section */
		84546FB727D763BD00AFDCDA /* PhoneAuthViewController.swift in Sources */ = {isa = PBXBuildFile; fileRef = 84546FB627D763BD00AFDCDA /* PhoneAuthViewController.swift */; };
		84546FB927D7667F00AFDCDA /* AuthManager.swift in Sources */ = {isa = PBXBuildFile; fileRef = 84546FB827D7667F00AFDCDA /* AuthManager.swift */; };
		84546FBB27D86F3700AFDCDA /* UserExistsViewController.swift in Sources */ = {isa = PBXBuildFile; fileRef = 84546FBA27D86F3700AFDCDA /* UserExistsViewController.swift */; };
		84546FBD27D9E62100AFDCDA /* EmailAuthViewController.swift in Sources */ = {isa = PBXBuildFile; fileRef = 84546FBC27D9E62100AFDCDA /* EmailAuthViewController.swift */; };
		84546FBF27DA2AF600AFDCDA /* InitialViewController.swift in Sources */ = {isa = PBXBuildFile; fileRef = 84546FBE27DA2AF600AFDCDA /* InitialViewController.swift */; };
		84553BF327CDC41E0046ADB9 /* UserViewController.swift in Sources */ = {isa = PBXBuildFile; fileRef = 84553BF227CDC41E0046ADB9 /* UserViewController.swift */; };
		84681A7F27C76BFB00169ACD /* AppDelegate.swift in Sources */ = {isa = PBXBuildFile; fileRef = 84681A7E27C76BFB00169ACD /* AppDelegate.swift */; };
		84681A8127C76BFB00169ACD /* SceneDelegate.swift in Sources */ = {isa = PBXBuildFile; fileRef = 84681A8027C76BFB00169ACD /* SceneDelegate.swift */; };
		84681A8327C76BFB00169ACD /* ViewController.swift in Sources */ = {isa = PBXBuildFile; fileRef = 84681A8227C76BFB00169ACD /* ViewController.swift */; };
		84681A8627C76BFB00169ACD /* Main.storyboard in Resources */ = {isa = PBXBuildFile; fileRef = 84681A8427C76BFB00169ACD /* Main.storyboard */; };
		84681A8827C76C0100169ACD /* Assets.xcassets in Resources */ = {isa = PBXBuildFile; fileRef = 84681A8727C76C0100169ACD /* Assets.xcassets */; };
		84681A8B27C76C0100169ACD /* LaunchScreen.storyboard in Resources */ = {isa = PBXBuildFile; fileRef = 84681A8927C76C0100169ACD /* LaunchScreen.storyboard */; };
		84681A9627C76C0200169ACD /* SignInWithGoogleTests.swift in Sources */ = {isa = PBXBuildFile; fileRef = 84681A9527C76C0200169ACD /* SignInWithGoogleTests.swift */; };
		84681AA027C76C0200169ACD /* SignInWithGoogleUITests.swift in Sources */ = {isa = PBXBuildFile; fileRef = 84681A9F27C76C0200169ACD /* SignInWithGoogleUITests.swift */; };
		84681AA227C76C0200169ACD /* SignInWithGoogleUITestsLaunchTests.swift in Sources */ = {isa = PBXBuildFile; fileRef = 84681AA127C76C0200169ACD /* SignInWithGoogleUITestsLaunchTests.swift */; };
		84681AAF27C783E100169ACD /* GoogleService-Info.plist in Resources */ = {isa = PBXBuildFile; fileRef = 84681AAE27C783E100169ACD /* GoogleService-Info.plist */; };
		84681AB127C8AA4C00169ACD /* NewViewController.swift in Sources */ = {isa = PBXBuildFile; fileRef = 84681AB027C8AA4C00169ACD /* NewViewController.swift */; };
		9AFDB0F079AA207D78BA5521 /* Pods_SignInWithGoogle.framework in Frameworks */ = {isa = PBXBuildFile; fileRef = 78BE7A547933E639E358F0A0 /* Pods_SignInWithGoogle.framework */; };
		ABFA650D4FEF987AEB2DD805 /* Pods_SignInWithGoogleTests.framework in Frameworks */ = {isa = PBXBuildFile; fileRef = E5317B4DD026A558EC07E5FC /* Pods_SignInWithGoogleTests.framework */; };
		D20E97F266132DB13ACB67E7 /* Pods_SignInWithGoogle_SignInWithGoogleUITests.framework in Frameworks */ = {isa = PBXBuildFile; fileRef = 2F0BEAED57DEC54E2E43DE11 /* Pods_SignInWithGoogle_SignInWithGoogleUITests.framework */; };
/* End PBXBuildFile section */

/* Begin PBXContainerItemProxy section */
		84681A9227C76C0200169ACD /* PBXContainerItemProxy */ = {
			isa = PBXContainerItemProxy;
			containerPortal = 84681A7327C76BFB00169ACD /* Project object */;
			proxyType = 1;
			remoteGlobalIDString = 84681A7A27C76BFB00169ACD;
			remoteInfo = SignInWithGoogle;
		};
		84681A9C27C76C0200169ACD /* PBXContainerItemProxy */ = {
			isa = PBXContainerItemProxy;
			containerPortal = 84681A7327C76BFB00169ACD /* Project object */;
			proxyType = 1;
			remoteGlobalIDString = 84681A7A27C76BFB00169ACD;
			remoteInfo = SignInWithGoogle;
		};
/* End PBXContainerItemProxy section */

/* Begin PBXFileReference section */
		07D0A781D6A6CA7BA12F78DC /* Pods-SignInWithGoogleTests.release.xcconfig */ = {isa = PBXFileReference; includeInIndex = 1; lastKnownFileType = text.xcconfig; name = "Pods-SignInWithGoogleTests.release.xcconfig"; path = "Target Support Files/Pods-SignInWithGoogleTests/Pods-SignInWithGoogleTests.release.xcconfig"; sourceTree = "<group>"; };
		2F0BEAED57DEC54E2E43DE11 /* Pods_SignInWithGoogle_SignInWithGoogleUITests.framework */ = {isa = PBXFileReference; explicitFileType = wrapper.framework; includeInIndex = 0; path = Pods_SignInWithGoogle_SignInWithGoogleUITests.framework; sourceTree = BUILT_PRODUCTS_DIR; };
		3209CA30D0B0683111D4E8D6 /* Pods-SignInWithGoogle-SignInWithGoogleUITests.debug.xcconfig */ = {isa = PBXFileReference; includeInIndex = 1; lastKnownFileType = text.xcconfig; name = "Pods-SignInWithGoogle-SignInWithGoogleUITests.debug.xcconfig"; path = "Target Support Files/Pods-SignInWithGoogle-SignInWithGoogleUITests/Pods-SignInWithGoogle-SignInWithGoogleUITests.debug.xcconfig"; sourceTree = "<group>"; };
		359CFDAC0BF1CF2C22DFECC5 /* Pods-SignInWithGoogle.debug.xcconfig */ = {isa = PBXFileReference; includeInIndex = 1; lastKnownFileType = text.xcconfig; name = "Pods-SignInWithGoogle.debug.xcconfig"; path = "Target Support Files/Pods-SignInWithGoogle/Pods-SignInWithGoogle.debug.xcconfig"; sourceTree = "<group>"; };
		7186F4CE7E5BFA61FD715B6F /* Pods-SignInWithGoogle-SignInWithGoogleUITests.release.xcconfig */ = {isa = PBXFileReference; includeInIndex = 1; lastKnownFileType = text.xcconfig; name = "Pods-SignInWithGoogle-SignInWithGoogleUITests.release.xcconfig"; path = "Target Support Files/Pods-SignInWithGoogle-SignInWithGoogleUITests/Pods-SignInWithGoogle-SignInWithGoogleUITests.release.xcconfig"; sourceTree = "<group>"; };
		78BE7A547933E639E358F0A0 /* Pods_SignInWithGoogle.framework */ = {isa = PBXFileReference; explicitFileType = wrapper.framework; includeInIndex = 0; path = Pods_SignInWithGoogle.framework; sourceTree = BUILT_PRODUCTS_DIR; };
		84546FB627D763BD00AFDCDA /* PhoneAuthViewController.swift */ = {isa = PBXFileReference; lastKnownFileType = sourcecode.swift; path = PhoneAuthViewController.swift; sourceTree = "<group>"; };
		84546FB827D7667F00AFDCDA /* AuthManager.swift */ = {isa = PBXFileReference; lastKnownFileType = sourcecode.swift; path = AuthManager.swift; sourceTree = "<group>"; };
		84546FBA27D86F3700AFDCDA /* UserExistsViewController.swift */ = {isa = PBXFileReference; lastKnownFileType = sourcecode.swift; path = UserExistsViewController.swift; sourceTree = "<group>"; };
		84546FBC27D9E62100AFDCDA /* EmailAuthViewController.swift */ = {isa = PBXFileReference; lastKnownFileType = sourcecode.swift; path = EmailAuthViewController.swift; sourceTree = "<group>"; };
		84546FBE27DA2AF600AFDCDA /* InitialViewController.swift */ = {isa = PBXFileReference; lastKnownFileType = sourcecode.swift; path = InitialViewController.swift; sourceTree = "<group>"; };
		84553BF227CDC41E0046ADB9 /* UserViewController.swift */ = {isa = PBXFileReference; lastKnownFileType = sourcecode.swift; path = UserViewController.swift; sourceTree = "<group>"; };
		84681A7B27C76BFB00169ACD /* SignInWithGoogle.app */ = {isa = PBXFileReference; explicitFileType = wrapper.application; includeInIndex = 0; path = SignInWithGoogle.app; sourceTree = BUILT_PRODUCTS_DIR; };
		84681A7E27C76BFB00169ACD /* AppDelegate.swift */ = {isa = PBXFileReference; lastKnownFileType = sourcecode.swift; path = AppDelegate.swift; sourceTree = "<group>"; };
		84681A8027C76BFB00169ACD /* SceneDelegate.swift */ = {isa = PBXFileReference; lastKnownFileType = sourcecode.swift; path = SceneDelegate.swift; sourceTree = "<group>"; };
		84681A8227C76BFB00169ACD /* ViewController.swift */ = {isa = PBXFileReference; lastKnownFileType = sourcecode.swift; path = ViewController.swift; sourceTree = "<group>"; };
		84681A8527C76BFB00169ACD /* Base */ = {isa = PBXFileReference; lastKnownFileType = file.storyboard; name = Base; path = Base.lproj/Main.storyboard; sourceTree = "<group>"; };
		84681A8727C76C0100169ACD /* Assets.xcassets */ = {isa = PBXFileReference; lastKnownFileType = folder.assetcatalog; path = Assets.xcassets; sourceTree = "<group>"; };
		84681A8A27C76C0100169ACD /* Base */ = {isa = PBXFileReference; lastKnownFileType = file.storyboard; name = Base; path = Base.lproj/LaunchScreen.storyboard; sourceTree = "<group>"; };
		84681A8C27C76C0100169ACD /* Info.plist */ = {isa = PBXFileReference; lastKnownFileType = text.plist.xml; path = Info.plist; sourceTree = "<group>"; };
		84681A9127C76C0200169ACD /* SignInWithGoogleTests.xctest */ = {isa = PBXFileReference; explicitFileType = wrapper.cfbundle; includeInIndex = 0; path = SignInWithGoogleTests.xctest; sourceTree = BUILT_PRODUCTS_DIR; };
		84681A9527C76C0200169ACD /* SignInWithGoogleTests.swift */ = {isa = PBXFileReference; lastKnownFileType = sourcecode.swift; path = SignInWithGoogleTests.swift; sourceTree = "<group>"; };
		84681A9B27C76C0200169ACD /* SignInWithGoogleUITests.xctest */ = {isa = PBXFileReference; explicitFileType = wrapper.cfbundle; includeInIndex = 0; path = SignInWithGoogleUITests.xctest; sourceTree = BUILT_PRODUCTS_DIR; };
		84681A9F27C76C0200169ACD /* SignInWithGoogleUITests.swift */ = {isa = PBXFileReference; lastKnownFileType = sourcecode.swift; path = SignInWithGoogleUITests.swift; sourceTree = "<group>"; };
		84681AA127C76C0200169ACD /* SignInWithGoogleUITestsLaunchTests.swift */ = {isa = PBXFileReference; lastKnownFileType = sourcecode.swift; path = SignInWithGoogleUITestsLaunchTests.swift; sourceTree = "<group>"; };
		84681AAE27C783E100169ACD /* GoogleService-Info.plist */ = {isa = PBXFileReference; fileEncoding = 4; lastKnownFileType = text.plist.xml; path = "GoogleService-Info.plist"; sourceTree = "<group>"; };
		84681AB027C8AA4C00169ACD /* NewViewController.swift */ = {isa = PBXFileReference; lastKnownFileType = sourcecode.swift; path = NewViewController.swift; sourceTree = "<group>"; };
		AAF7E203BDFC0963C0C45894 /* Pods-SignInWithGoogleTests.debug.xcconfig */ = {isa = PBXFileReference; includeInIndex = 1; lastKnownFileType = text.xcconfig; name = "Pods-SignInWithGoogleTests.debug.xcconfig"; path = "Target Support Files/Pods-SignInWithGoogleTests/Pods-SignInWithGoogleTests.debug.xcconfig"; sourceTree = "<group>"; };
		AE72B2F68AE6E9F36D7842F5 /* Pods-SignInWithGoogle.release.xcconfig */ = {isa = PBXFileReference; includeInIndex = 1; lastKnownFileType = text.xcconfig; name = "Pods-SignInWithGoogle.release.xcconfig"; path = "Target Support Files/Pods-SignInWithGoogle/Pods-SignInWithGoogle.release.xcconfig"; sourceTree = "<group>"; };
		E5317B4DD026A558EC07E5FC /* Pods_SignInWithGoogleTests.framework */ = {isa = PBXFileReference; explicitFileType = wrapper.framework; includeInIndex = 0; path = Pods_SignInWithGoogleTests.framework; sourceTree = BUILT_PRODUCTS_DIR; };
/* End PBXFileReference section */

/* Begin PBXFrameworksBuildPhase section */
		84681A7827C76BFB00169ACD /* Frameworks */ = {
			isa = PBXFrameworksBuildPhase;
			buildActionMask = 2147483647;
			files = (
				9AFDB0F079AA207D78BA5521 /* Pods_SignInWithGoogle.framework in Frameworks */,
			);
			runOnlyForDeploymentPostprocessing = 0;
		};
		84681A8E27C76C0200169ACD /* Frameworks */ = {
			isa = PBXFrameworksBuildPhase;
			buildActionMask = 2147483647;
			files = (
				ABFA650D4FEF987AEB2DD805 /* Pods_SignInWithGoogleTests.framework in Frameworks */,
			);
			runOnlyForDeploymentPostprocessing = 0;
		};
		84681A9827C76C0200169ACD /* Frameworks */ = {
			isa = PBXFrameworksBuildPhase;
			buildActionMask = 2147483647;
			files = (
				D20E97F266132DB13ACB67E7 /* Pods_SignInWithGoogle_SignInWithGoogleUITests.framework in Frameworks */,
			);
			runOnlyForDeploymentPostprocessing = 0;
		};
/* End PBXFrameworksBuildPhase section */

/* Begin PBXGroup section */
		66ABF248EE35613EF66C481F /* Pods */ = {
			isa = PBXGroup;
			children = (
				359CFDAC0BF1CF2C22DFECC5 /* Pods-SignInWithGoogle.debug.xcconfig */,
				AE72B2F68AE6E9F36D7842F5 /* Pods-SignInWithGoogle.release.xcconfig */,
				3209CA30D0B0683111D4E8D6 /* Pods-SignInWithGoogle-SignInWithGoogleUITests.debug.xcconfig */,
				7186F4CE7E5BFA61FD715B6F /* Pods-SignInWithGoogle-SignInWithGoogleUITests.release.xcconfig */,
				AAF7E203BDFC0963C0C45894 /* Pods-SignInWithGoogleTests.debug.xcconfig */,
				07D0A781D6A6CA7BA12F78DC /* Pods-SignInWithGoogleTests.release.xcconfig */,
			);
			path = Pods;
			sourceTree = "<group>";
		};
		7F3313AA7E32134261C479BF /* Frameworks */ = {
			isa = PBXGroup;
			children = (
				78BE7A547933E639E358F0A0 /* Pods_SignInWithGoogle.framework */,
				2F0BEAED57DEC54E2E43DE11 /* Pods_SignInWithGoogle_SignInWithGoogleUITests.framework */,
				E5317B4DD026A558EC07E5FC /* Pods_SignInWithGoogleTests.framework */,
			);
			name = Frameworks;
			sourceTree = "<group>";
		};
		84681A7227C76BFB00169ACD = {
			isa = PBXGroup;
			children = (
				84681A7D27C76BFB00169ACD /* SignInWithGoogle */,
				84681A9427C76C0200169ACD /* SignInWithGoogleTests */,
				84681A9E27C76C0200169ACD /* SignInWithGoogleUITests */,
				84681A7C27C76BFB00169ACD /* Products */,
				66ABF248EE35613EF66C481F /* Pods */,
				7F3313AA7E32134261C479BF /* Frameworks */,
			);
			sourceTree = "<group>";
		};
		84681A7C27C76BFB00169ACD /* Products */ = {
			isa = PBXGroup;
			children = (
				84681A7B27C76BFB00169ACD /* SignInWithGoogle.app */,
				84681A9127C76C0200169ACD /* SignInWithGoogleTests.xctest */,
				84681A9B27C76C0200169ACD /* SignInWithGoogleUITests.xctest */,
			);
			name = Products;
			sourceTree = "<group>";
		};
		84681A7D27C76BFB00169ACD /* SignInWithGoogle */ = {
			isa = PBXGroup;
			children = (
				84681AAE27C783E100169ACD /* GoogleService-Info.plist */,
				84681A7E27C76BFB00169ACD /* AppDelegate.swift */,
				84681A8027C76BFB00169ACD /* SceneDelegate.swift */,
				84681A8227C76BFB00169ACD /* ViewController.swift */,
				84681A8427C76BFB00169ACD /* Main.storyboard */,
				84681A8727C76C0100169ACD /* Assets.xcassets */,
				84681A8927C76C0100169ACD /* LaunchScreen.storyboard */,
				84681A8C27C76C0100169ACD /* Info.plist */,
				84681AB027C8AA4C00169ACD /* NewViewController.swift */,
				84553BF227CDC41E0046ADB9 /* UserViewController.swift */,
				84546FB627D763BD00AFDCDA /* PhoneAuthViewController.swift */,
				84546FB827D7667F00AFDCDA /* AuthManager.swift */,
				84546FBA27D86F3700AFDCDA /* UserExistsViewController.swift */,
				84546FBC27D9E62100AFDCDA /* EmailAuthViewController.swift */,
				84546FBE27DA2AF600AFDCDA /* InitialViewController.swift */,
			);
			path = SignInWithGoogle;
			sourceTree = "<group>";
		};
		84681A9427C76C0200169ACD /* SignInWithGoogleTests */ = {
			isa = PBXGroup;
			children = (
				84681A9527C76C0200169ACD /* SignInWithGoogleTests.swift */,
			);
			path = SignInWithGoogleTests;
			sourceTree = "<group>";
		};
		84681A9E27C76C0200169ACD /* SignInWithGoogleUITests */ = {
			isa = PBXGroup;
			children = (
				84681A9F27C76C0200169ACD /* SignInWithGoogleUITests.swift */,
				84681AA127C76C0200169ACD /* SignInWithGoogleUITestsLaunchTests.swift */,
			);
			path = SignInWithGoogleUITests;
			sourceTree = "<group>";
		};
/* End PBXGroup section */

/* Begin PBXNativeTarget section */
		84681A7A27C76BFB00169ACD /* SignInWithGoogle */ = {
			isa = PBXNativeTarget;
			buildConfigurationList = 84681AA527C76C0200169ACD /* Build configuration list for PBXNativeTarget "SignInWithGoogle" */;
			buildPhases = (
				09B6D2E18A35ADDB22C50C7A /* [CP] Check Pods Manifest.lock */,
				84681A7727C76BFB00169ACD /* Sources */,
				84681A7827C76BFB00169ACD /* Frameworks */,
				84681A7927C76BFB00169ACD /* Resources */,
				729D7AA9CF3FD5BDD55491E5 /* [CP] Embed Pods Frameworks */,
			);
			buildRules = (
			);
			dependencies = (
			);
			name = SignInWithGoogle;
			productName = SignInWithGoogle;
			productReference = 84681A7B27C76BFB00169ACD /* SignInWithGoogle.app */;
			productType = "com.apple.product-type.application";
		};
		84681A9027C76C0200169ACD /* SignInWithGoogleTests */ = {
			isa = PBXNativeTarget;
			buildConfigurationList = 84681AA827C76C0200169ACD /* Build configuration list for PBXNativeTarget "SignInWithGoogleTests" */;
			buildPhases = (
				CF73B8F24A290A676269ADB0 /* [CP] Check Pods Manifest.lock */,
				84681A8D27C76C0200169ACD /* Sources */,
				84681A8E27C76C0200169ACD /* Frameworks */,
				84681A8F27C76C0200169ACD /* Resources */,
			);
			buildRules = (
			);
			dependencies = (
				84681A9327C76C0200169ACD /* PBXTargetDependency */,
			);
			name = SignInWithGoogleTests;
			productName = SignInWithGoogleTests;
			productReference = 84681A9127C76C0200169ACD /* SignInWithGoogleTests.xctest */;
			productType = "com.apple.product-type.bundle.unit-test";
		};
		84681A9A27C76C0200169ACD /* SignInWithGoogleUITests */ = {
			isa = PBXNativeTarget;
			buildConfigurationList = 84681AAB27C76C0200169ACD /* Build configuration list for PBXNativeTarget "SignInWithGoogleUITests" */;
			buildPhases = (
				C5FA714B1932E751CE9A26B7 /* [CP] Check Pods Manifest.lock */,
				84681A9727C76C0200169ACD /* Sources */,
				84681A9827C76C0200169ACD /* Frameworks */,
				84681A9927C76C0200169ACD /* Resources */,
				26452DF8954583E6095D3836 /* [CP] Embed Pods Frameworks */,
			);
			buildRules = (
			);
			dependencies = (
				84681A9D27C76C0200169ACD /* PBXTargetDependency */,
			);
			name = SignInWithGoogleUITests;
			productName = SignInWithGoogleUITests;
			productReference = 84681A9B27C76C0200169ACD /* SignInWithGoogleUITests.xctest */;
			productType = "com.apple.product-type.bundle.ui-testing";
		};
/* End PBXNativeTarget section */

/* Begin PBXProject section */
		84681A7327C76BFB00169ACD /* Project object */ = {
			isa = PBXProject;
			attributes = {
				BuildIndependentTargetsInParallel = 1;
				LastSwiftUpdateCheck = 1320;
				LastUpgradeCheck = 1320;
				TargetAttributes = {
					84681A7A27C76BFB00169ACD = {
						CreatedOnToolsVersion = 13.2.1;
					};
					84681A9027C76C0200169ACD = {
						CreatedOnToolsVersion = 13.2.1;
						TestTargetID = 84681A7A27C76BFB00169ACD;
					};
					84681A9A27C76C0200169ACD = {
						CreatedOnToolsVersion = 13.2.1;
						TestTargetID = 84681A7A27C76BFB00169ACD;
					};
				};
			};
			buildConfigurationList = 84681A7627C76BFB00169ACD /* Build configuration list for PBXProject "SignInWithGoogle" */;
			compatibilityVersion = "Xcode 13.0";
			developmentRegion = en;
			hasScannedForEncodings = 0;
			knownRegions = (
				en,
				Base,
			);
			mainGroup = 84681A7227C76BFB00169ACD;
			productRefGroup = 84681A7C27C76BFB00169ACD /* Products */;
			projectDirPath = "";
			projectRoot = "";
			targets = (
				84681A7A27C76BFB00169ACD /* SignInWithGoogle */,
				84681A9027C76C0200169ACD /* SignInWithGoogleTests */,
				84681A9A27C76C0200169ACD /* SignInWithGoogleUITests */,
			);
		};
/* End PBXProject section */

/* Begin PBXResourcesBuildPhase section */
		84681A7927C76BFB00169ACD /* Resources */ = {
			isa = PBXResourcesBuildPhase;
			buildActionMask = 2147483647;
			files = (
				84681A8B27C76C0100169ACD /* LaunchScreen.storyboard in Resources */,
				84681AAF27C783E100169ACD /* GoogleService-Info.plist in Resources */,
				84681A8827C76C0100169ACD /* Assets.xcassets in Resources */,
				84681A8627C76BFB00169ACD /* Main.storyboard in Resources */,
			);
			runOnlyForDeploymentPostprocessing = 0;
		};
		84681A8F27C76C0200169ACD /* Resources */ = {
			isa = PBXResourcesBuildPhase;
			buildActionMask = 2147483647;
			files = (
			);
			runOnlyForDeploymentPostprocessing = 0;
		};
		84681A9927C76C0200169ACD /* Resources */ = {
			isa = PBXResourcesBuildPhase;
			buildActionMask = 2147483647;
			files = (
			);
			runOnlyForDeploymentPostprocessing = 0;
		};
/* End PBXResourcesBuildPhase section */

/* Begin PBXShellScriptBuildPhase section */
		09B6D2E18A35ADDB22C50C7A /* [CP] Check Pods Manifest.lock */ = {
			isa = PBXShellScriptBuildPhase;
			buildActionMask = 2147483647;
			files = (
			);
			inputFileListPaths = (
			);
			inputPaths = (
				"${PODS_PODFILE_DIR_PATH}/Podfile.lock",
				"${PODS_ROOT}/Manifest.lock",
			);
			name = "[CP] Check Pods Manifest.lock";
			outputFileListPaths = (
			);
			outputPaths = (
				"$(DERIVED_FILE_DIR)/Pods-SignInWithGoogle-checkManifestLockResult.txt",
			);
			runOnlyForDeploymentPostprocessing = 0;
			shellPath = /bin/sh;
			shellScript = "diff \"${PODS_PODFILE_DIR_PATH}/Podfile.lock\" \"${PODS_ROOT}/Manifest.lock\" > /dev/null\nif [ $? != 0 ] ; then\n    # print error to STDERR\n    echo \"error: The sandbox is not in sync with the Podfile.lock. Run 'pod install' or update your CocoaPods installation.\" >&2\n    exit 1\nfi\n# This output is used by Xcode 'outputs' to avoid re-running this script phase.\necho \"SUCCESS\" > \"${SCRIPT_OUTPUT_FILE_0}\"\n";
			showEnvVarsInLog = 0;
		};
		26452DF8954583E6095D3836 /* [CP] Embed Pods Frameworks */ = {
			isa = PBXShellScriptBuildPhase;
			buildActionMask = 2147483647;
			files = (
			);
			inputFileListPaths = (
				"${PODS_ROOT}/Target Support Files/Pods-SignInWithGoogle-SignInWithGoogleUITests/Pods-SignInWithGoogle-SignInWithGoogleUITests-frameworks-${CONFIGURATION}-input-files.xcfilelist",
			);
			name = "[CP] Embed Pods Frameworks";
			outputFileListPaths = (
				"${PODS_ROOT}/Target Support Files/Pods-SignInWithGoogle-SignInWithGoogleUITests/Pods-SignInWithGoogle-SignInWithGoogleUITests-frameworks-${CONFIGURATION}-output-files.xcfilelist",
			);
			runOnlyForDeploymentPostprocessing = 0;
			shellPath = /bin/sh;
			shellScript = "\"${PODS_ROOT}/Target Support Files/Pods-SignInWithGoogle-SignInWithGoogleUITests/Pods-SignInWithGoogle-SignInWithGoogleUITests-frameworks.sh\"\n";
			showEnvVarsInLog = 0;
		};
		729D7AA9CF3FD5BDD55491E5 /* [CP] Embed Pods Frameworks */ = {
			isa = PBXShellScriptBuildPhase;
			buildActionMask = 2147483647;
			files = (
			);
			inputFileListPaths = (
				"${PODS_ROOT}/Target Support Files/Pods-SignInWithGoogle/Pods-SignInWithGoogle-frameworks-${CONFIGURATION}-input-files.xcfilelist",
			);
			name = "[CP] Embed Pods Frameworks";
			outputFileListPaths = (
				"${PODS_ROOT}/Target Support Files/Pods-SignInWithGoogle/Pods-SignInWithGoogle-frameworks-${CONFIGURATION}-output-files.xcfilelist",
			);
			runOnlyForDeploymentPostprocessing = 0;
			shellPath = /bin/sh;
			shellScript = "\"${PODS_ROOT}/Target Support Files/Pods-SignInWithGoogle/Pods-SignInWithGoogle-frameworks.sh\"\n";
			showEnvVarsInLog = 0;
		};
		C5FA714B1932E751CE9A26B7 /* [CP] Check Pods Manifest.lock */ = {
			isa = PBXShellScriptBuildPhase;
			buildActionMask = 2147483647;
			files = (
			);
			inputFileListPaths = (
			);
			inputPaths = (
				"${PODS_PODFILE_DIR_PATH}/Podfile.lock",
				"${PODS_ROOT}/Manifest.lock",
			);
			name = "[CP] Check Pods Manifest.lock";
			outputFileListPaths = (
			);
			outputPaths = (
				"$(DERIVED_FILE_DIR)/Pods-SignInWithGoogle-SignInWithGoogleUITests-checkManifestLockResult.txt",
			);
			runOnlyForDeploymentPostprocessing = 0;
			shellPath = /bin/sh;
			shellScript = "diff \"${PODS_PODFILE_DIR_PATH}/Podfile.lock\" \"${PODS_ROOT}/Manifest.lock\" > /dev/null\nif [ $? != 0 ] ; then\n    # print error to STDERR\n    echo \"error: The sandbox is not in sync with the Podfile.lock. Run 'pod install' or update your CocoaPods installation.\" >&2\n    exit 1\nfi\n# This output is used by Xcode 'outputs' to avoid re-running this script phase.\necho \"SUCCESS\" > \"${SCRIPT_OUTPUT_FILE_0}\"\n";
			showEnvVarsInLog = 0;
		};
		CF73B8F24A290A676269ADB0 /* [CP] Check Pods Manifest.lock */ = {
			isa = PBXShellScriptBuildPhase;
			buildActionMask = 2147483647;
			files = (
			);
			inputFileListPaths = (
			);
			inputPaths = (
				"${PODS_PODFILE_DIR_PATH}/Podfile.lock",
				"${PODS_ROOT}/Manifest.lock",
			);
			name = "[CP] Check Pods Manifest.lock";
			outputFileListPaths = (
			);
			outputPaths = (
				"$(DERIVED_FILE_DIR)/Pods-SignInWithGoogleTests-checkManifestLockResult.txt",
			);
			runOnlyForDeploymentPostprocessing = 0;
			shellPath = /bin/sh;
			shellScript = "diff \"${PODS_PODFILE_DIR_PATH}/Podfile.lock\" \"${PODS_ROOT}/Manifest.lock\" > /dev/null\nif [ $? != 0 ] ; then\n    # print error to STDERR\n    echo \"error: The sandbox is not in sync with the Podfile.lock. Run 'pod install' or update your CocoaPods installation.\" >&2\n    exit 1\nfi\n# This output is used by Xcode 'outputs' to avoid re-running this script phase.\necho \"SUCCESS\" > \"${SCRIPT_OUTPUT_FILE_0}\"\n";
			showEnvVarsInLog = 0;
		};
/* End PBXShellScriptBuildPhase section */

/* Begin PBXSourcesBuildPhase section */
		84681A7727C76BFB00169ACD /* Sources */ = {
			isa = PBXSourcesBuildPhase;
			buildActionMask = 2147483647;
			files = (
				84681A8327C76BFB00169ACD /* ViewController.swift in Sources */,
				84546FBD27D9E62100AFDCDA /* EmailAuthViewController.swift in Sources */,
				84546FB927D7667F00AFDCDA /* AuthManager.swift in Sources */,
				84553BF327CDC41E0046ADB9 /* UserViewController.swift in Sources */,
				84681A7F27C76BFB00169ACD /* AppDelegate.swift in Sources */,
				84546FBF27DA2AF600AFDCDA /* InitialViewController.swift in Sources */,
				84681A8127C76BFB00169ACD /* SceneDelegate.swift in Sources */,
				84681AB127C8AA4C00169ACD /* NewViewController.swift in Sources */,
				84546FB727D763BD00AFDCDA /* PhoneAuthViewController.swift in Sources */,
				84546FBB27D86F3700AFDCDA /* UserExistsViewController.swift in Sources */,
			);
			runOnlyForDeploymentPostprocessing = 0;
		};
		84681A8D27C76C0200169ACD /* Sources */ = {
			isa = PBXSourcesBuildPhase;
			buildActionMask = 2147483647;
			files = (
				84681A9627C76C0200169ACD /* SignInWithGoogleTests.swift in Sources */,
			);
			runOnlyForDeploymentPostprocessing = 0;
		};
		84681A9727C76C0200169ACD /* Sources */ = {
			isa = PBXSourcesBuildPhase;
			buildActionMask = 2147483647;
			files = (
				84681AA027C76C0200169ACD /* SignInWithGoogleUITests.swift in Sources */,
				84681AA227C76C0200169ACD /* SignInWithGoogleUITestsLaunchTests.swift in Sources */,
			);
			runOnlyForDeploymentPostprocessing = 0;
		};
/* End PBXSourcesBuildPhase section */

/* Begin PBXTargetDependency section */
		84681A9327C76C0200169ACD /* PBXTargetDependency */ = {
			isa = PBXTargetDependency;
			target = 84681A7A27C76BFB00169ACD /* SignInWithGoogle */;
			targetProxy = 84681A9227C76C0200169ACD /* PBXContainerItemProxy */;
		};
		84681A9D27C76C0200169ACD /* PBXTargetDependency */ = {
			isa = PBXTargetDependency;
			target = 84681A7A27C76BFB00169ACD /* SignInWithGoogle */;
			targetProxy = 84681A9C27C76C0200169ACD /* PBXContainerItemProxy */;
		};
/* End PBXTargetDependency section */

/* Begin PBXVariantGroup section */
		84681A8427C76BFB00169ACD /* Main.storyboard */ = {
			isa = PBXVariantGroup;
			children = (
				84681A8527C76BFB00169ACD /* Base */,
			);
			name = Main.storyboard;
			sourceTree = "<group>";
		};
		84681A8927C76C0100169ACD /* LaunchScreen.storyboard */ = {
			isa = PBXVariantGroup;
			children = (
				84681A8A27C76C0100169ACD /* Base */,
			);
			name = LaunchScreen.storyboard;
			sourceTree = "<group>";
		};
/* End PBXVariantGroup section */

/* Begin XCBuildConfiguration section */
		84681AA327C76C0200169ACD /* Debug */ = {
			isa = XCBuildConfiguration;
			buildSettings = {
				ALWAYS_SEARCH_USER_PATHS = NO;
				CLANG_ANALYZER_NONNULL = YES;
				CLANG_ANALYZER_NUMBER_OBJECT_CONVERSION = YES_AGGRESSIVE;
				CLANG_CXX_LANGUAGE_STANDARD = "gnu++17";
				CLANG_CXX_LIBRARY = "libc++";
				CLANG_ENABLE_MODULES = YES;
				CLANG_ENABLE_OBJC_ARC = YES;
				CLANG_ENABLE_OBJC_WEAK = YES;
				CLANG_WARN_BLOCK_CAPTURE_AUTORELEASING = YES;
				CLANG_WARN_BOOL_CONVERSION = YES;
				CLANG_WARN_COMMA = YES;
				CLANG_WARN_CONSTANT_CONVERSION = YES;
				CLANG_WARN_DEPRECATED_OBJC_IMPLEMENTATIONS = YES;
				CLANG_WARN_DIRECT_OBJC_ISA_USAGE = YES_ERROR;
				CLANG_WARN_DOCUMENTATION_COMMENTS = YES;
				CLANG_WARN_EMPTY_BODY = YES;
				CLANG_WARN_ENUM_CONVERSION = YES;
				CLANG_WARN_INFINITE_RECURSION = YES;
				CLANG_WARN_INT_CONVERSION = YES;
				CLANG_WARN_NON_LITERAL_NULL_CONVERSION = YES;
				CLANG_WARN_OBJC_IMPLICIT_RETAIN_SELF = YES;
				CLANG_WARN_OBJC_LITERAL_CONVERSION = YES;
				CLANG_WARN_OBJC_ROOT_CLASS = YES_ERROR;
				CLANG_WARN_QUOTED_INCLUDE_IN_FRAMEWORK_HEADER = YES;
				CLANG_WARN_RANGE_LOOP_ANALYSIS = YES;
				CLANG_WARN_STRICT_PROTOTYPES = YES;
				CLANG_WARN_SUSPICIOUS_MOVE = YES;
				CLANG_WARN_UNGUARDED_AVAILABILITY = YES_AGGRESSIVE;
				CLANG_WARN_UNREACHABLE_CODE = YES;
				CLANG_WARN__DUPLICATE_METHOD_MATCH = YES;
				COPY_PHASE_STRIP = NO;
				DEBUG_INFORMATION_FORMAT = dwarf;
				ENABLE_STRICT_OBJC_MSGSEND = YES;
				ENABLE_TESTABILITY = YES;
				GCC_C_LANGUAGE_STANDARD = gnu11;
				GCC_DYNAMIC_NO_PIC = NO;
				GCC_NO_COMMON_BLOCKS = YES;
				GCC_OPTIMIZATION_LEVEL = 0;
				GCC_PREPROCESSOR_DEFINITIONS = (
					"DEBUG=1",
					"$(inherited)",
				);
				GCC_WARN_64_TO_32_BIT_CONVERSION = YES;
				GCC_WARN_ABOUT_RETURN_TYPE = YES_ERROR;
				GCC_WARN_UNDECLARED_SELECTOR = YES;
				GCC_WARN_UNINITIALIZED_AUTOS = YES_AGGRESSIVE;
				GCC_WARN_UNUSED_FUNCTION = YES;
				GCC_WARN_UNUSED_VARIABLE = YES;
				IPHONEOS_DEPLOYMENT_TARGET = 15.2;
				MTL_ENABLE_DEBUG_INFO = INCLUDE_SOURCE;
				MTL_FAST_MATH = YES;
				ONLY_ACTIVE_ARCH = YES;
				SDKROOT = iphoneos;
				SWIFT_ACTIVE_COMPILATION_CONDITIONS = DEBUG;
				SWIFT_OPTIMIZATION_LEVEL = "-Onone";
			};
			name = Debug;
		};
		84681AA427C76C0200169ACD /* Release */ = {
			isa = XCBuildConfiguration;
			buildSettings = {
				ALWAYS_SEARCH_USER_PATHS = NO;
				CLANG_ANALYZER_NONNULL = YES;
				CLANG_ANALYZER_NUMBER_OBJECT_CONVERSION = YES_AGGRESSIVE;
				CLANG_CXX_LANGUAGE_STANDARD = "gnu++17";
				CLANG_CXX_LIBRARY = "libc++";
				CLANG_ENABLE_MODULES = YES;
				CLANG_ENABLE_OBJC_ARC = YES;
				CLANG_ENABLE_OBJC_WEAK = YES;
				CLANG_WARN_BLOCK_CAPTURE_AUTORELEASING = YES;
				CLANG_WARN_BOOL_CONVERSION = YES;
				CLANG_WARN_COMMA = YES;
				CLANG_WARN_CONSTANT_CONVERSION = YES;
				CLANG_WARN_DEPRECATED_OBJC_IMPLEMENTATIONS = YES;
				CLANG_WARN_DIRECT_OBJC_ISA_USAGE = YES_ERROR;
				CLANG_WARN_DOCUMENTATION_COMMENTS = YES;
				CLANG_WARN_EMPTY_BODY = YES;
				CLANG_WARN_ENUM_CONVERSION = YES;
				CLANG_WARN_INFINITE_RECURSION = YES;
				CLANG_WARN_INT_CONVERSION = YES;
				CLANG_WARN_NON_LITERAL_NULL_CONVERSION = YES;
				CLANG_WARN_OBJC_IMPLICIT_RETAIN_SELF = YES;
				CLANG_WARN_OBJC_LITERAL_CONVERSION = YES;
				CLANG_WARN_OBJC_ROOT_CLASS = YES_ERROR;
				CLANG_WARN_QUOTED_INCLUDE_IN_FRAMEWORK_HEADER = YES;
				CLANG_WARN_RANGE_LOOP_ANALYSIS = YES;
				CLANG_WARN_STRICT_PROTOTYPES = YES;
				CLANG_WARN_SUSPICIOUS_MOVE = YES;
				CLANG_WARN_UNGUARDED_AVAILABILITY = YES_AGGRESSIVE;
				CLANG_WARN_UNREACHABLE_CODE = YES;
				CLANG_WARN__DUPLICATE_METHOD_MATCH = YES;
				COPY_PHASE_STRIP = NO;
				DEBUG_INFORMATION_FORMAT = "dwarf-with-dsym";
				ENABLE_NS_ASSERTIONS = NO;
				ENABLE_STRICT_OBJC_MSGSEND = YES;
				GCC_C_LANGUAGE_STANDARD = gnu11;
				GCC_NO_COMMON_BLOCKS = YES;
				GCC_WARN_64_TO_32_BIT_CONVERSION = YES;
				GCC_WARN_ABOUT_RETURN_TYPE = YES_ERROR;
				GCC_WARN_UNDECLARED_SELECTOR = YES;
				GCC_WARN_UNINITIALIZED_AUTOS = YES_AGGRESSIVE;
				GCC_WARN_UNUSED_FUNCTION = YES;
				GCC_WARN_UNUSED_VARIABLE = YES;
				IPHONEOS_DEPLOYMENT_TARGET = 15.2;
				MTL_ENABLE_DEBUG_INFO = NO;
				MTL_FAST_MATH = YES;
				SDKROOT = iphoneos;
				SWIFT_COMPILATION_MODE = wholemodule;
				SWIFT_OPTIMIZATION_LEVEL = "-O";
				VALIDATE_PRODUCT = YES;
			};
			name = Release;
		};
		84681AA627C76C0200169ACD /* Debug */ = {
			isa = XCBuildConfiguration;
			baseConfigurationReference = 359CFDAC0BF1CF2C22DFECC5 /* Pods-SignInWithGoogle.debug.xcconfig */;
			buildSettings = {
				ASSETCATALOG_COMPILER_APPICON_NAME = AppIcon;
				ASSETCATALOG_COMPILER_GLOBAL_ACCENT_COLOR_NAME = AccentColor;
				CODE_SIGN_STYLE = Automatic;
				CURRENT_PROJECT_VERSION = 1;
				DEVELOPMENT_TEAM = 5Y898KVAG5;
				GENERATE_INFOPLIST_FILE = YES;
				INFOPLIST_FILE = SignInWithGoogle/Info.plist;
				INFOPLIST_KEY_UIApplicationSupportsIndirectInputEvents = YES;
				INFOPLIST_KEY_UILaunchStoryboardName = LaunchScreen;
				INFOPLIST_KEY_UIMainStoryboardFile = Main;
				INFOPLIST_KEY_UISupportedInterfaceOrientations_iPad = "UIInterfaceOrientationPortrait UIInterfaceOrientationPortraitUpsideDown UIInterfaceOrientationLandscapeLeft UIInterfaceOrientationLandscapeRight";
				INFOPLIST_KEY_UISupportedInterfaceOrientations_iPhone = "UIInterfaceOrientationPortrait UIInterfaceOrientationLandscapeLeft UIInterfaceOrientationLandscapeRight";
				LD_RUNPATH_SEARCH_PATHS = (
					"$(inherited)",
					"@executable_path/Frameworks",
				);
				MARKETING_VERSION = 1.0;
				PRODUCT_BUNDLE_IDENTIFIER = Akanksha.SignInWithGoogle;
				PRODUCT_NAME = "$(TARGET_NAME)";
				SWIFT_EMIT_LOC_STRINGS = YES;
				SWIFT_VERSION = 5.0;
				TARGETED_DEVICE_FAMILY = "1,2";
			};
			name = Debug;
		};
		84681AA727C76C0200169ACD /* Release */ = {
			isa = XCBuildConfiguration;
			baseConfigurationReference = AE72B2F68AE6E9F36D7842F5 /* Pods-SignInWithGoogle.release.xcconfig */;
			buildSettings = {
				ASSETCATALOG_COMPILER_APPICON_NAME = AppIcon;
				ASSETCATALOG_COMPILER_GLOBAL_ACCENT_COLOR_NAME = AccentColor;
				CODE_SIGN_STYLE = Automatic;
				CURRENT_PROJECT_VERSION = 1;
				DEVELOPMENT_TEAM = 5Y898KVAG5;
				GENERATE_INFOPLIST_FILE = YES;
				INFOPLIST_FILE = SignInWithGoogle/Info.plist;
				INFOPLIST_KEY_UIApplicationSupportsIndirectInputEvents = YES;
				INFOPLIST_KEY_UILaunchStoryboardName = LaunchScreen;
				INFOPLIST_KEY_UIMainStoryboardFile = Main;
				INFOPLIST_KEY_UISupportedInterfaceOrientations_iPad = "UIInterfaceOrientationPortrait UIInterfaceOrientationPortraitUpsideDown UIInterfaceOrientationLandscapeLeft UIInterfaceOrientationLandscapeRight";
				INFOPLIST_KEY_UISupportedInterfaceOrientations_iPhone = "UIInterfaceOrientationPortrait UIInterfaceOrientationLandscapeLeft UIInterfaceOrientationLandscapeRight";
				LD_RUNPATH_SEARCH_PATHS = (
					"$(inherited)",
					"@executable_path/Frameworks",
				);
				MARKETING_VERSION = 1.0;
				PRODUCT_BUNDLE_IDENTIFIER = Akanksha.SignInWithGoogle;
				PRODUCT_NAME = "$(TARGET_NAME)";
				SWIFT_EMIT_LOC_STRINGS = YES;
				SWIFT_VERSION = 5.0;
				TARGETED_DEVICE_FAMILY = "1,2";
			};
			name = Release;
		};
		84681AA927C76C0200169ACD /* Debug */ = {
			isa = XCBuildConfiguration;
			baseConfigurationReference = AAF7E203BDFC0963C0C45894 /* Pods-SignInWithGoogleTests.debug.xcconfig */;
			buildSettings = {
				ALWAYS_EMBED_SWIFT_STANDARD_LIBRARIES = YES;
				BUNDLE_LOADER = "$(TEST_HOST)";
				CODE_SIGN_STYLE = Automatic;
				CURRENT_PROJECT_VERSION = 1;
				DEVELOPMENT_TEAM = 5Y898KVAG5;
				GENERATE_INFOPLIST_FILE = YES;
				IPHONEOS_DEPLOYMENT_TARGET = 15.2;
				MARKETING_VERSION = 1.0;
				PRODUCT_BUNDLE_IDENTIFIER = Akanksha.SignInWithGoogleTests;
				PRODUCT_NAME = "$(TARGET_NAME)";
				SWIFT_EMIT_LOC_STRINGS = NO;
				SWIFT_VERSION = 5.0;
				TARGETED_DEVICE_FAMILY = "1,2";
				TEST_HOST = "$(BUILT_PRODUCTS_DIR)/SignInWithGoogle.app/SignInWithGoogle";
			};
			name = Debug;
		};
		84681AAA27C76C0200169ACD /* Release */ = {
			isa = XCBuildConfiguration;
			baseConfigurationReference = 07D0A781D6A6CA7BA12F78DC /* Pods-SignInWithGoogleTests.release.xcconfig */;
			buildSettings = {
				ALWAYS_EMBED_SWIFT_STANDARD_LIBRARIES = YES;
				BUNDLE_LOADER = "$(TEST_HOST)";
				CODE_SIGN_STYLE = Automatic;
				CURRENT_PROJECT_VERSION = 1;
				DEVELOPMENT_TEAM = 5Y898KVAG5;
				GENERATE_INFOPLIST_FILE = YES;
				IPHONEOS_DEPLOYMENT_TARGET = 15.2;
				MARKETING_VERSION = 1.0;
				PRODUCT_BUNDLE_IDENTIFIER = Akanksha.SignInWithGoogleTests;
				PRODUCT_NAME = "$(TARGET_NAME)";
				SWIFT_EMIT_LOC_STRINGS = NO;
				SWIFT_VERSION = 5.0;
				TARGETED_DEVICE_FAMILY = "1,2";
				TEST_HOST = "$(BUILT_PRODUCTS_DIR)/SignInWithGoogle.app/SignInWithGoogle";
			};
			name = Release;
		};
		84681AAC27C76C0200169ACD /* Debug */ = {
			isa = XCBuildConfiguration;
			baseConfigurationReference = 3209CA30D0B0683111D4E8D6 /* Pods-SignInWithGoogle-SignInWithGoogleUITests.debug.xcconfig */;
			buildSettings = {
				ALWAYS_EMBED_SWIFT_STANDARD_LIBRARIES = YES;
				CODE_SIGN_STYLE = Automatic;
				CURRENT_PROJECT_VERSION = 1;
				DEVELOPMENT_TEAM = 5Y898KVAG5;
				GENERATE_INFOPLIST_FILE = YES;
				MARKETING_VERSION = 1.0;
				PRODUCT_BUNDLE_IDENTIFIER = Akanksha.SignInWithGoogleUITests;
				PRODUCT_NAME = "$(TARGET_NAME)";
				SWIFT_EMIT_LOC_STRINGS = NO;
				SWIFT_VERSION = 5.0;
				TARGETED_DEVICE_FAMILY = "1,2";
				TEST_TARGET_NAME = SignInWithGoogle;
			};
			name = Debug;
		};
		84681AAD27C76C0200169ACD /* Release */ = {
			isa = XCBuildConfiguration;
			baseConfigurationReference = 7186F4CE7E5BFA61FD715B6F /* Pods-SignInWithGoogle-SignInWithGoogleUITests.release.xcconfig */;
			buildSettings = {
				ALWAYS_EMBED_SWIFT_STANDARD_LIBRARIES = YES;
				CODE_SIGN_STYLE = Automatic;
				CURRENT_PROJECT_VERSION = 1;
				DEVELOPMENT_TEAM = 5Y898KVAG5;
				GENERATE_INFOPLIST_FILE = YES;
				MARKETING_VERSION = 1.0;
				PRODUCT_BUNDLE_IDENTIFIER = Akanksha.SignInWithGoogleUITests;
				PRODUCT_NAME = "$(TARGET_NAME)";
				SWIFT_EMIT_LOC_STRINGS = NO;
				SWIFT_VERSION = 5.0;
				TARGETED_DEVICE_FAMILY = "1,2";
				TEST_TARGET_NAME = SignInWithGoogle;
			};
			name = Release;
		};
/* End XCBuildConfiguration section */

/* Begin XCConfigurationList section */
		84681A7627C76BFB00169ACD /* Build configuration list for PBXProject "SignInWithGoogle" */ = {
			isa = XCConfigurationList;
			buildConfigurations = (
				84681AA327C76C0200169ACD /* Debug */,
				84681AA427C76C0200169ACD /* Release */,
			);
			defaultConfigurationIsVisible = 0;
			defaultConfigurationName = Release;
		};
		84681AA527C76C0200169ACD /* Build configuration list for PBXNativeTarget "SignInWithGoogle" */ = {
			isa = XCConfigurationList;
			buildConfigurations = (
				84681AA627C76C0200169ACD /* Debug */,
				84681AA727C76C0200169ACD /* Release */,
			);
			defaultConfigurationIsVisible = 0;
			defaultConfigurationName = Release;
		};
		84681AA827C76C0200169ACD /* Build configuration list for PBXNativeTarget "SignInWithGoogleTests" */ = {
			isa = XCConfigurationList;
			buildConfigurations = (
				84681AA927C76C0200169ACD /* Debug */,
				84681AAA27C76C0200169ACD /* Release */,
			);
			defaultConfigurationIsVisible = 0;
			defaultConfigurationName = Release;
		};
		84681AAB27C76C0200169ACD /* Build configuration list for PBXNativeTarget "SignInWithGoogleUITests" */ = {
			isa = XCConfigurationList;
			buildConfigurations = (
				84681AAC27C76C0200169ACD /* Debug */,
				84681AAD27C76C0200169ACD /* Release */,
			);
			defaultConfigurationIsVisible = 0;
			defaultConfigurationName = Release;
		};
/* End XCConfigurationList section */
	};
	rootObject = 84681A7327C76BFB00169ACD /* Project object */;
}
